<?xml version="1.0" encoding="utf-8"?>
<Project ToolsVersion="4.0" xmlns="http://schemas.microsoft.com/developer/msbuild/2003">
  <ItemGroup>
    <Filter Include="Source Files">
      <UniqueIdentifier>{4FC737F1-C7A5-4376-A066-2A32D752A2FF}</UniqueIdentifier>
      <Extensions>cpp;c;cc;cxx;def;odl;idl;hpj;bat;asm;asmx</Extensions>
    </Filter>
    <Filter Include="Header Files">
      <UniqueIdentifier>{93995380-89BD-4b04-88EB-625FBE52EBFB}</UniqueIdentifier>
      <Extensions>h;hh;hpp;hxx;hm;inl;inc;xsd</Extensions>
    </Filter>
    <Filter Include="Resource Files">
      <UniqueIdentifier>{67DA6AB6-F800-4c08-8B7A-83BB121AAD01}</UniqueIdentifier>
      <Extensions>rc;ico;cur;bmp;dlg;rc2;rct;bin;rgs;gif;jpg;jpeg;jpe;resx;tiff;tif;png;wav</Extensions>
    </Filter>
  </ItemGroup>
  <ItemGroup>
    <ClCompile Include="cmdshell.cpp">
      <Filter>Source Files</Filter>
    </ClCompile>
    <ClCompile Include="mathutil.cpp">
      <Filter>Source Files</Filter>
    </ClCompile>
    <ClCompile Include="socket.cpp">
      <Filter>Source Files</Filter>
    </ClCompile>
    <ClCompile Include="stdafx.cpp">
      <Filter>Source Files</Filter>
    </ClCompile>
    <ClCompile Include="TinCompile.cpp">
      <Filter>Source Files</Filter>
    </ClCompile>
    <ClCompile Include="TinExecute.cpp">
      <Filter>Source Files</Filter>
    </ClCompile>
    <ClCompile Include="TinNamespace.cpp">
      <Filter>Source Files</Filter>
    </ClCompile>
    <ClCompile Include="TinObjectGroup.cpp">
      <Filter>Source Files</Filter>
    </ClCompile>
    <ClCompile Include="TinOpExecFunctions.cpp">
      <Filter>Source Files</Filter>
    </ClCompile>
    <ClCompile Include="TinParse.cpp">
      <Filter>Source Files</Filter>
    </ClCompile>
    <ClCompile Include="TinRegistration.cpp">
      <Filter>Source Files</Filter>
    </ClCompile>
    <ClCompile Include="TinScheduler.cpp">
      <Filter>Source Files</Filter>
    </ClCompile>
    <ClCompile Include="TinScript.cpp">
      <Filter>Source Files</Filter>
    </ClCompile>
    <ClCompile Include="TinScriptContextReg.cpp">
      <Filter>Source Files</Filter>
    </ClCompile>
    <ClCompile Include="TinStringTable.cpp">
      <Filter>Source Files</Filter>
    </ClCompile>
    <ClCompile Include="TinTypes.cpp">
      <Filter>Source Files</Filter>
    </ClCompile>
    <ClCompile Include="TinTypeVector3f.cpp">
      <Filter>Source Files</Filter>
    </ClCompile>
    <ClCompile Include="unittest.cpp">
      <Filter>Source Files</Filter>
    </ClCompile>
    <ClCompile Include="TinMemory.cpp">
      <Filter>Source Files</Filter>
    </ClCompile>
    <ClCompile Include="TinFunctionEntry.cpp">
      <Filter>Source Files</Filter>
    </ClCompile>
    <ClCompile Include="TinVariableEntry.cpp">
      <Filter>Source Files</Filter>
    </ClCompile>
  </ItemGroup>
  <ItemGroup>
    <ClInclude Include="cmdshell.h">
      <Filter>Header Files</Filter>
    </ClInclude>
    <ClInclude Include="integration.h">
      <Filter>Header Files</Filter>
    </ClInclude>
    <ClInclude Include="mathutil.h">
      <Filter>Header Files</Filter>
    </ClInclude>
    <ClInclude Include="registrationclasses.h">
      <Filter>Header Files</Filter>
    </ClInclude>
    <ClInclude Include="registrationexecs.h">
      <Filter>Header Files</Filter>
    </ClInclude>
    <ClInclude Include="registrationmacros.h">
      <Filter>Header Files</Filter>
    </ClInclude>
    <ClInclude Include="socket.h">
      <Filter>Header Files</Filter>
    </ClInclude>
    <ClInclude Include="stdafx.h">
      <Filter>Header Files</Filter>
    </ClInclude>
    <ClInclude Include="targetver.h">
      <Filter>Header Files</Filter>
    </ClInclude>
    <ClInclude Include="TinCompile.h">
      <Filter>Header Files</Filter>
    </ClInclude>
    <ClInclude Include="TinExecute.h">
      <Filter>Header Files</Filter>
    </ClInclude>
    <ClInclude Include="TinHash.h">
      <Filter>Header Files</Filter>
    </ClInclude>
    <ClInclude Include="TinInterface.h">
      <Filter>Header Files</Filter>
    </ClInclude>
    <ClInclude Include="TinNamespace.h">
      <Filter>Header Files</Filter>
    </ClInclude>
    <ClInclude Include="TinObjectGroup.h">
      <Filter>Header Files</Filter>
    </ClInclude>
    <ClInclude Include="TinOpExecFunctions.h">
      <Filter>Header Files</Filter>
    </ClInclude>
    <ClInclude Include="TinParse.h">
      <Filter>Header Files</Filter>
    </ClInclude>
    <ClInclude Include="TinRegistration.h">
      <Filter>Header Files</Filter>
    </ClInclude>
    <ClInclude Include="TinScheduler.h">
      <Filter>Header Files</Filter>
    </ClInclude>
    <ClInclude Include="TinScript.h">
      <Filter>Header Files</Filter>
    </ClInclude>
    <ClInclude Include="TinStringTable.h">
      <Filter>Header Files</Filter>
    </ClInclude>
    <ClInclude Include="TinTypes.h">
      <Filter>Header Files</Filter>
    </ClInclude>
    <ClInclude Include="TinVariableEntry.h">
      <Filter>Header Files</Filter>
    </ClInclude>
    <ClInclude Include="variadicclasses.h">
      <Filter>Header Files</Filter>
    </ClInclude>
    <ClInclude Include="TinFunctionEntry.h">
      <Filter>Header Files</Filter>
    </ClInclude>
  </ItemGroup>
</Project>